
Microsoft Visual Studio Solution File, Format Version 12.00
# Visual Studio Version 17
VisualStudioVersion = 17.13.35825.156 d17.13
MinimumVisualStudioVersion = 10.0.40219.1
Project("{FAE04EC0-301F-11D3-BF4B-00C04F79EFBC}") = "ProvaProgettoSERVER", "ProvaProgettoSERVER\ProvaProgettoSERVER.csproj", "{DA864806-1191-4865-8E24-055737DB8042}"
EndProject
Global
	GlobalSection(SolutionConfigurationPlatforms) = preSolution
		Debug|Any CPU = Debug|Any CPU
		Release|Any CPU = Release|Any CPU
	EndGlobalSection
	GlobalSection(ProjectConfigurationPlatforms) = postSolution
		{DA864806-1191-4865-8E24-055737DB8042}.Debug|Any CPU.ActiveCfg = Debug|Any CPU
		{DA864806-1191-4865-8E24-055737DB8042}.Debug|Any CPU.Build.0 = Debug|Any CPU
		{DA864806-1191-4865-8E24-055737DB8042}.Release|Any CPU.ActiveCfg = Release|Any CPU
		{DA864806-1191-4865-8E24-055737DB8042}.Release|Any CPU.Build.0 = Release|Any CPU
	EndGlobalSection
	GlobalSection(SolutionProperties) = preSolution
		HideSolutionNode = FALSE
	EndGlobalSection
	GlobalSection(ExtensibilityGlobals) = postSolution
		SolutionGuid = {C4105490-1D27-4F0B-BD29-84816CED5D2A}
	EndGlobalSection
EndGlobal
